
Microsoft Visual Studio Solution File, Format Version 12.00
# Visual Studio Version 17
VisualStudioVersion = 17.0.32112.339
MinimumVisualStudioVersion = 10.0.40219.1
Project("{FAE04EC0-301F-11D3-BF4B-00C04F79EFBC}") = "desfio de codigo DIO - Mes", "desfio de codigo DIO - Mes\desfio de codigo DIO - Mes.csproj", "{7DD079EE-A9E4-4073-84FF-51AFCFBD7C70}"
EndProject
Global
	GlobalSection(SolutionConfigurationPlatforms) = preSolution
		Debug|Any CPU = Debug|Any CPU
		Release|Any CPU = Release|Any CPU
	EndGlobalSection
	GlobalSection(ProjectConfigurationPlatforms) = postSolution
		{7DD079EE-A9E4-4073-84FF-51AFCFBD7C70}.Debug|Any CPU.ActiveCfg = Debug|Any CPU
		{7DD079EE-A9E4-4073-84FF-51AFCFBD7C70}.Debug|Any CPU.Build.0 = Debug|Any CPU
		{7DD079EE-A9E4-4073-84FF-51AFCFBD7C70}.Release|Any CPU.ActiveCfg = Release|Any CPU
		{7DD079EE-A9E4-4073-84FF-51AFCFBD7C70}.Release|Any CPU.Build.0 = Release|Any CPU
	EndGlobalSection
	GlobalSection(SolutionProperties) = preSolution
		HideSolutionNode = FALSE
	EndGlobalSection
	GlobalSection(ExtensibilityGlobals) = postSolution
		SolutionGuid = {C1D562E9-950F-4488-B36E-2241E931D7FF}
	EndGlobalSection
EndGlobal
